
Microsoft Visual Studio Solution File, Format Version 12.00
# Visual Studio Version 17
VisualStudioVersion = 17.0.31903.59
MinimumVisualStudioVersion = 10.0.40219.1
Project("{9A19103F-16F7-4668-BE54-9A1E7A4F7556}") = "SeemoPredictor", "SeemoPredictor\SeemoPredictor.csproj", "{6EC149EA-EB12-4AF7-B198-3749B53B7E50}"
EndProject
Project("{9A19103F-16F7-4668-BE54-9A1E7A4F7556}") = "NullEngine", "NullEngine\NullEngine.csproj", "{02671C82-0F5B-4C28-B0FA-6325CDC0CC52}"
	ProjectSection(ProjectDependencies) = postProject
		{6EC149EA-EB12-4AF7-B198-3749B53B7E50} = {6EC149EA-EB12-4AF7-B198-3749B53B7E50}
	EndProjectSection
EndProject
Global
	GlobalSection(SolutionConfigurationPlatforms) = preSolution
		Debug|Any CPU = Debug|Any CPU
		Debug|x64 = Debug|x64
		Release|Any CPU = Release|Any CPU
		Release|x64 = Release|x64
	EndGlobalSection
	GlobalSection(ProjectConfigurationPlatforms) = postSolution
		{6EC149EA-EB12-4AF7-B198-3749B53B7E50}.Debug|Any CPU.ActiveCfg = Debug|Any CPU
		{6EC149EA-EB12-4AF7-B198-3749B53B7E50}.Debug|Any CPU.Build.0 = Debug|Any CPU
		{6EC149EA-EB12-4AF7-B198-3749B53B7E50}.Debug|x64.ActiveCfg = Debug|x64
		{6EC149EA-EB12-4AF7-B198-3749B53B7E50}.Debug|x64.Build.0 = Debug|x64
		{6EC149EA-EB12-4AF7-B198-3749B53B7E50}.Release|Any CPU.ActiveCfg = Release|Any CPU
		{6EC149EA-EB12-4AF7-B198-3749B53B7E50}.Release|Any CPU.Build.0 = Release|Any CPU
		{6EC149EA-EB12-4AF7-B198-3749B53B7E50}.Release|x64.ActiveCfg = Release|x64
		{6EC149EA-EB12-4AF7-B198-3749B53B7E50}.Release|x64.Build.0 = Release|x64
		{02671C82-0F5B-4C28-B0FA-6325CDC0CC52}.Debug|Any CPU.ActiveCfg = Debug|Any CPU
		{02671C82-0F5B-4C28-B0FA-6325CDC0CC52}.Debug|Any CPU.Build.0 = Debug|Any CPU
		{02671C82-0F5B-4C28-B0FA-6325CDC0CC52}.Debug|x64.ActiveCfg = Debug|Any CPU
		{02671C82-0F5B-4C28-B0FA-6325CDC0CC52}.Debug|x64.Build.0 = Debug|Any CPU
		{02671C82-0F5B-4C28-B0FA-6325CDC0CC52}.Release|Any CPU.ActiveCfg = Release|Any CPU
		{02671C82-0F5B-4C28-B0FA-6325CDC0CC52}.Release|Any CPU.Build.0 = Release|Any CPU
		{02671C82-0F5B-4C28-B0FA-6325CDC0CC52}.Release|x64.ActiveCfg = Release|Any CPU
		{02671C82-0F5B-4C28-B0FA-6325CDC0CC52}.Release|x64.Build.0 = Release|Any CPU
	EndGlobalSection
	GlobalSection(SolutionProperties) = preSolution
		HideSolutionNode = FALSE
	EndGlobalSection
	GlobalSection(ExtensibilityGlobals) = postSolution
		SolutionGuid = {15B00752-2D5C-47A9-8C5E-994A8EE8F1AA}
	EndGlobalSection
EndGlobal
